
Microsoft Visual Studio Solution File, Format Version 12.00
# Visual Studio Version 16
VisualStudioVersion = 16.0.29215.179
MinimumVisualStudioVersion = 10.0.40219.1
Project("{FAE04EC0-301F-11D3-BF4B-00C04F79EFBC}") = "Inclass7.Android", "Inclass7\Inclass7.Android\Inclass7.Android.csproj", "{91593E4C-87DF-4B53-88D0-5F611B5C9E6B}"
EndProject
Project("{FAE04EC0-301F-11D3-BF4B-00C04F79EFBC}") = "Inclass7", "Inclass7\Inclass7\Inclass7.csproj", "{F9E21785-0AF9-413C-9F69-0E85ECF0AACC}"
EndProject
Global
	GlobalSection(SolutionConfigurationPlatforms) = preSolution
		Debug|Any CPU = Debug|Any CPU
		Release|Any CPU = Release|Any CPU
	EndGlobalSection
	GlobalSection(ProjectConfigurationPlatforms) = postSolution
		{91593E4C-87DF-4B53-88D0-5F611B5C9E6B}.Debug|Any CPU.ActiveCfg = Debug|Any CPU
		{91593E4C-87DF-4B53-88D0-5F611B5C9E6B}.Debug|Any CPU.Build.0 = Debug|Any CPU
		{91593E4C-87DF-4B53-88D0-5F611B5C9E6B}.Debug|Any CPU.Deploy.0 = Debug|Any CPU
		{91593E4C-87DF-4B53-88D0-5F611B5C9E6B}.Release|Any CPU.ActiveCfg = Release|Any CPU
		{91593E4C-87DF-4B53-88D0-5F611B5C9E6B}.Release|Any CPU.Build.0 = Release|Any CPU
		{91593E4C-87DF-4B53-88D0-5F611B5C9E6B}.Release|Any CPU.Deploy.0 = Release|Any CPU
		{F9E21785-0AF9-413C-9F69-0E85ECF0AACC}.Debug|Any CPU.ActiveCfg = Debug|Any CPU
		{F9E21785-0AF9-413C-9F69-0E85ECF0AACC}.Debug|Any CPU.Build.0 = Debug|Any CPU
		{F9E21785-0AF9-413C-9F69-0E85ECF0AACC}.Debug|Any CPU.Deploy.0 = Debug|Any CPU
		{F9E21785-0AF9-413C-9F69-0E85ECF0AACC}.Release|Any CPU.ActiveCfg = Release|Any CPU
		{F9E21785-0AF9-413C-9F69-0E85ECF0AACC}.Release|Any CPU.Build.0 = Release|Any CPU
		{F9E21785-0AF9-413C-9F69-0E85ECF0AACC}.Release|Any CPU.Deploy.0 = Release|Any CPU
	EndGlobalSection
	GlobalSection(SolutionProperties) = preSolution
		HideSolutionNode = FALSE
	EndGlobalSection
	GlobalSection(ExtensibilityGlobals) = postSolution
		SolutionGuid = {DD140C6F-8B05-4421-B100-0EAD9F472260}
	EndGlobalSection
EndGlobal
